{
  "requires": true,
  "lockfileVersion": 1,
  "dependencies": {
    "axentix": {
      "version": "1.0.0",
      "resolved": "https://registry.npmjs.org/axentix/-/axentix-1.0.0.tgz",
      "integrity": "sha512-+6N6rcMeCXBob70l4CDEVVuhRJJMvejRpFy90LRtloE8OA469PBex3vqhcyJTN2yGtd4PfX2cMeJBkqAZpUOJQ=="
    }
  }
}
